// !$*UTF8*$!
{
	archiveVersion = 1;
	classes = {
	};
	objectVersion = 56;
	objects = {

/* Begin PBXBuildFile section */
		3462FA2029730F6D00506956 /* AppDelegate.swift in Sources */ = {isa = PBXBuildFile; fileRef = 3462FA1F29730F6D00506956 /* AppDelegate.swift */; };
		3462FA2229730F6D00506956 /* SceneDelegate.swift in Sources */ = {isa = PBXBuildFile; fileRef = 3462FA2129730F6D00506956 /* SceneDelegate.swift */; };
		3462FA2929730F6F00506956 /* Assets.xcassets in Resources */ = {isa = PBXBuildFile; fileRef = 3462FA2829730F6F00506956 /* Assets.xcassets */; };
		3462FA2C29730F6F00506956 /* LaunchScreen.storyboard in Resources */ = {isa = PBXBuildFile; fileRef = 3462FA2A29730F6F00506956 /* LaunchScreen.storyboard */; };
		3462FA3A2973116900506956 /* HomePresenter.swift in Sources */ = {isa = PBXBuildFile; fileRef = 3462FA332973116900506956 /* HomePresenter.swift */; };
		3462FA3B2973116900506956 /* HomeLocalDataManager.swift in Sources */ = {isa = PBXBuildFile; fileRef = 3462FA342973116900506956 /* HomeLocalDataManager.swift */; };
		3462FA3C2973116900506956 /* HomeProtocols.swift in Sources */ = {isa = PBXBuildFile; fileRef = 3462FA352973116900506956 /* HomeProtocols.swift */; };
		3462FA3D2973116900506956 /* HomeInteractor.swift in Sources */ = {isa = PBXBuildFile; fileRef = 3462FA362973116900506956 /* HomeInteractor.swift */; };
		3462FA3E2973116900506956 /* HomeView.swift in Sources */ = {isa = PBXBuildFile; fileRef = 3462FA372973116900506956 /* HomeView.swift */; };
		3462FA3F2973116900506956 /* HomeRemoteDataManager.swift in Sources */ = {isa = PBXBuildFile; fileRef = 3462FA382973116900506956 /* HomeRemoteDataManager.swift */; };
		3462FA402973116900506956 /* HomeWireFrame.swift in Sources */ = {isa = PBXBuildFile; fileRef = 3462FA392973116900506956 /* HomeWireFrame.swift */; };
		3462FA4329731ACF00506956 /* GoogleService-Info.plist in Resources */ = {isa = PBXBuildFile; fileRef = 3462FA4229731ACF00506956 /* GoogleService-Info.plist */; };
		3462FA4629731BDD00506956 /* FirebaseAnalytics in Frameworks */ = {isa = PBXBuildFile; productRef = 3462FA4529731BDD00506956 /* FirebaseAnalytics */; };
		3462FA4829731BDD00506956 /* FirebaseAnalyticsOnDeviceConversion in Frameworks */ = {isa = PBXBuildFile; productRef = 3462FA4729731BDD00506956 /* FirebaseAnalyticsOnDeviceConversion */; };
		3462FA4A29731BDD00506956 /* FirebaseAnalyticsSwift in Frameworks */ = {isa = PBXBuildFile; productRef = 3462FA4929731BDD00506956 /* FirebaseAnalyticsSwift */; };
		3462FA4C29731BDD00506956 /* FirebaseAnalyticsWithoutAdIdSupport in Frameworks */ = {isa = PBXBuildFile; productRef = 3462FA4B29731BDD00506956 /* FirebaseAnalyticsWithoutAdIdSupport */; };
		3462FA4E29731BDD00506956 /* FirebaseAppCheck in Frameworks */ = {isa = PBXBuildFile; productRef = 3462FA4D29731BDD00506956 /* FirebaseAppCheck */; };
		3462FA5029731BDE00506956 /* FirebaseAppDistribution-Beta in Frameworks */ = {isa = PBXBuildFile; productRef = 3462FA4F29731BDE00506956 /* FirebaseAppDistribution-Beta */; };
		3462FA5229731BDE00506956 /* FirebaseAuth in Frameworks */ = {isa = PBXBuildFile; productRef = 3462FA5129731BDE00506956 /* FirebaseAuth */; };
		3462FA5429731BDE00506956 /* FirebaseAuthCombine-Community in Frameworks */ = {isa = PBXBuildFile; productRef = 3462FA5329731BDE00506956 /* FirebaseAuthCombine-Community */; };
		3462FA5629731BDE00506956 /* FirebaseCrashlytics in Frameworks */ = {isa = PBXBuildFile; productRef = 3462FA5529731BDE00506956 /* FirebaseCrashlytics */; };
		3462FA5829731BDE00506956 /* FirebaseDatabase in Frameworks */ = {isa = PBXBuildFile; productRef = 3462FA5729731BDE00506956 /* FirebaseDatabase */; };
		3462FA5A29731BDE00506956 /* FirebaseDatabaseSwift in Frameworks */ = {isa = PBXBuildFile; productRef = 3462FA5929731BDE00506956 /* FirebaseDatabaseSwift */; };
		3462FA5C29731BDE00506956 /* FirebaseDynamicLinks in Frameworks */ = {isa = PBXBuildFile; productRef = 3462FA5B29731BDE00506956 /* FirebaseDynamicLinks */; };
		3462FA5E29731BDE00506956 /* FirebaseFirestore in Frameworks */ = {isa = PBXBuildFile; productRef = 3462FA5D29731BDE00506956 /* FirebaseFirestore */; };
		3462FA6029731BDE00506956 /* FirebaseFirestoreCombine-Community in Frameworks */ = {isa = PBXBuildFile; productRef = 3462FA5F29731BDE00506956 /* FirebaseFirestoreCombine-Community */; };
		3462FA6229731BDE00506956 /* FirebaseFirestoreSwift in Frameworks */ = {isa = PBXBuildFile; productRef = 3462FA6129731BDE00506956 /* FirebaseFirestoreSwift */; };
		3462FA6429731BDE00506956 /* FirebaseFunctions in Frameworks */ = {isa = PBXBuildFile; productRef = 3462FA6329731BDE00506956 /* FirebaseFunctions */; };
		3462FA6629731BDE00506956 /* FirebaseFunctionsCombine-Community in Frameworks */ = {isa = PBXBuildFile; productRef = 3462FA6529731BDE00506956 /* FirebaseFunctionsCombine-Community */; };
		3462FA6829731BDE00506956 /* FirebaseInAppMessaging-Beta in Frameworks */ = {isa = PBXBuildFile; productRef = 3462FA6729731BDE00506956 /* FirebaseInAppMessaging-Beta */; };
		3462FA6A29731BDE00506956 /* FirebaseInAppMessagingSwift-Beta in Frameworks */ = {isa = PBXBuildFile; productRef = 3462FA6929731BDE00506956 /* FirebaseInAppMessagingSwift-Beta */; };
		3462FA6C29731BDF00506956 /* FirebaseInstallations in Frameworks */ = {isa = PBXBuildFile; productRef = 3462FA6B29731BDF00506956 /* FirebaseInstallations */; };
		3462FA6E29731BDF00506956 /* FirebaseMLModelDownloader in Frameworks */ = {isa = PBXBuildFile; productRef = 3462FA6D29731BDF00506956 /* FirebaseMLModelDownloader */; };
		3462FA7029731BDF00506956 /* FirebaseMessaging in Frameworks */ = {isa = PBXBuildFile; productRef = 3462FA6F29731BDF00506956 /* FirebaseMessaging */; };
		3462FA7229731BDF00506956 /* FirebasePerformance in Frameworks */ = {isa = PBXBuildFile; productRef = 3462FA7129731BDF00506956 /* FirebasePerformance */; };
		3462FA7429731BDF00506956 /* FirebaseRemoteConfig in Frameworks */ = {isa = PBXBuildFile; productRef = 3462FA7329731BDF00506956 /* FirebaseRemoteConfig */; };
		3462FA7629731BDF00506956 /* FirebaseRemoteConfigSwift in Frameworks */ = {isa = PBXBuildFile; productRef = 3462FA7529731BDF00506956 /* FirebaseRemoteConfigSwift */; };
		3462FA7829731BDF00506956 /* FirebaseStorage in Frameworks */ = {isa = PBXBuildFile; productRef = 3462FA7729731BDF00506956 /* FirebaseStorage */; };
		3462FA7A29731BDF00506956 /* FirebaseStorageCombine-Community in Frameworks */ = {isa = PBXBuildFile; productRef = 3462FA7929731BDF00506956 /* FirebaseStorageCombine-Community */; };
		3493B3AD2975C7C800AD701A /* UITextFieldExtension.swift in Sources */ = {isa = PBXBuildFile; fileRef = 3493B3AC2975C7C800AD701A /* UITextFieldExtension.swift */; };
/* End PBXBuildFile section */

/* Begin PBXFileReference section */
		3462FA1C29730F6D00506956 /* Firebase_Brais.app */ = {isa = PBXFileReference; explicitFileType = wrapper.application; includeInIndex = 0; path = Firebase_Brais.app; sourceTree = BUILT_PRODUCTS_DIR; };
		3462FA1F29730F6D00506956 /* AppDelegate.swift */ = {isa = PBXFileReference; lastKnownFileType = sourcecode.swift; path = AppDelegate.swift; sourceTree = "<group>"; };
		3462FA2129730F6D00506956 /* SceneDelegate.swift */ = {isa = PBXFileReference; lastKnownFileType = sourcecode.swift; path = SceneDelegate.swift; sourceTree = "<group>"; };
		3462FA2829730F6F00506956 /* Assets.xcassets */ = {isa = PBXFileReference; lastKnownFileType = folder.assetcatalog; path = Assets.xcassets; sourceTree = "<group>"; };
		3462FA2B29730F6F00506956 /* Base */ = {isa = PBXFileReference; lastKnownFileType = file.storyboard; name = Base; path = Base.lproj/LaunchScreen.storyboard; sourceTree = "<group>"; };
		3462FA2D29730F6F00506956 /* Info.plist */ = {isa = PBXFileReference; lastKnownFileType = text.plist.xml; path = Info.plist; sourceTree = "<group>"; };
		3462FA332973116900506956 /* HomePresenter.swift */ = {isa = PBXFileReference; lastKnownFileType = sourcecode.swift; path = HomePresenter.swift; sourceTree = "<group>"; };
		3462FA342973116900506956 /* HomeLocalDataManager.swift */ = {isa = PBXFileReference; lastKnownFileType = sourcecode.swift; path = HomeLocalDataManager.swift; sourceTree = "<group>"; };
		3462FA352973116900506956 /* HomeProtocols.swift */ = {isa = PBXFileReference; lastKnownFileType = sourcecode.swift; path = HomeProtocols.swift; sourceTree = "<group>"; };
		3462FA362973116900506956 /* HomeInteractor.swift */ = {isa = PBXFileReference; lastKnownFileType = sourcecode.swift; path = HomeInteractor.swift; sourceTree = "<group>"; };
		3462FA372973116900506956 /* HomeView.swift */ = {isa = PBXFileReference; lastKnownFileType = sourcecode.swift; path = HomeView.swift; sourceTree = "<group>"; };
		3462FA382973116900506956 /* HomeRemoteDataManager.swift */ = {isa = PBXFileReference; lastKnownFileType = sourcecode.swift; path = HomeRemoteDataManager.swift; sourceTree = "<group>"; };
		3462FA392973116900506956 /* HomeWireFrame.swift */ = {isa = PBXFileReference; lastKnownFileType = sourcecode.swift; path = HomeWireFrame.swift; sourceTree = "<group>"; };
		3462FA4229731ACF00506956 /* GoogleService-Info.plist */ = {isa = PBXFileReference; fileEncoding = 4; lastKnownFileType = text.plist.xml; name = "GoogleService-Info.plist"; path = "../../GoogleService-Info.plist"; sourceTree = "<group>"; };
		3493B3AC2975C7C800AD701A /* UITextFieldExtension.swift */ = {isa = PBXFileReference; lastKnownFileType = sourcecode.swift; path = UITextFieldExtension.swift; sourceTree = "<group>"; };
/* End PBXFileReference section */

/* Begin PBXFrameworksBuildPhase section */
		3462FA1929730F6D00506956 /* Frameworks */ = {
			isa = PBXFrameworksBuildPhase;
			buildActionMask = 2147483647;
			files = (
				3462FA5829731BDE00506956 /* FirebaseDatabase in Frameworks */,
				3462FA6629731BDE00506956 /* FirebaseFunctionsCombine-Community in Frameworks */,
				3462FA5E29731BDE00506956 /* FirebaseFirestore in Frameworks */,
				3462FA4A29731BDD00506956 /* FirebaseAnalyticsSwift in Frameworks */,
				3462FA4629731BDD00506956 /* FirebaseAnalytics in Frameworks */,
				3462FA4829731BDD00506956 /* FirebaseAnalyticsOnDeviceConversion in Frameworks */,
				3462FA6E29731BDF00506956 /* FirebaseMLModelDownloader in Frameworks */,
				3462FA6229731BDE00506956 /* FirebaseFirestoreSwift in Frameworks */,
				3462FA4E29731BDD00506956 /* FirebaseAppCheck in Frameworks */,
				3462FA4C29731BDD00506956 /* FirebaseAnalyticsWithoutAdIdSupport in Frameworks */,
				3462FA5229731BDE00506956 /* FirebaseAuth in Frameworks */,
				3462FA5629731BDE00506956 /* FirebaseCrashlytics in Frameworks */,
				3462FA7629731BDF00506956 /* FirebaseRemoteConfigSwift in Frameworks */,
				3462FA6829731BDE00506956 /* FirebaseInAppMessaging-Beta in Frameworks */,
				3462FA5A29731BDE00506956 /* FirebaseDatabaseSwift in Frameworks */,
				3462FA6429731BDE00506956 /* FirebaseFunctions in Frameworks */,
				3462FA7A29731BDF00506956 /* FirebaseStorageCombine-Community in Frameworks */,
				3462FA7429731BDF00506956 /* FirebaseRemoteConfig in Frameworks */,
				3462FA5029731BDE00506956 /* FirebaseAppDistribution-Beta in Frameworks */,
				3462FA5429731BDE00506956 /* FirebaseAuthCombine-Community in Frameworks */,
				3462FA7229731BDF00506956 /* FirebasePerformance in Frameworks */,
				3462FA6A29731BDE00506956 /* FirebaseInAppMessagingSwift-Beta in Frameworks */,
				3462FA7829731BDF00506956 /* FirebaseStorage in Frameworks */,
				3462FA5C29731BDE00506956 /* FirebaseDynamicLinks in Frameworks */,
				3462FA6029731BDE00506956 /* FirebaseFirestoreCombine-Community in Frameworks */,
				3462FA7029731BDF00506956 /* FirebaseMessaging in Frameworks */,
				3462FA6C29731BDF00506956 /* FirebaseInstallations in Frameworks */,
			);
			runOnlyForDeploymentPostprocessing = 0;
		};
/* End PBXFrameworksBuildPhase section */

/* Begin PBXGroup section */
		3462FA1329730F6D00506956 = {
			isa = PBXGroup;
			children = (
				3462FA1E29730F6D00506956 /* Firebase_Brais */,
				3462FA1D29730F6D00506956 /* Products */,
			);
			sourceTree = "<group>";
		};
		3462FA1D29730F6D00506956 /* Products */ = {
			isa = PBXGroup;
			children = (
				3462FA1C29730F6D00506956 /* Firebase_Brais.app */,
			);
			name = Products;
			sourceTree = "<group>";
		};
		3462FA1E29730F6D00506956 /* Firebase_Brais */ = {
			isa = PBXGroup;
			children = (
				3462FA1F29730F6D00506956 /* AppDelegate.swift */,
				3462FA2129730F6D00506956 /* SceneDelegate.swift */,
				3462FA412973118600506956 /* HomeView */,
				3462FA2829730F6F00506956 /* Assets.xcassets */,
				3462FA2A29730F6F00506956 /* LaunchScreen.storyboard */,
				3462FA2D29730F6F00506956 /* Info.plist */,
				3462FA4229731ACF00506956 /* GoogleService-Info.plist */,
				3493B3AB2975C79A00AD701A /* UIElementsExtensions */,
			);
			path = Firebase_Brais;
			sourceTree = "<group>";
		};
		3462FA412973118600506956 /* HomeView */ = {
			isa = PBXGroup;
			children = (
				3462FA372973116900506956 /* HomeView.swift */,
				3462FA362973116900506956 /* HomeInteractor.swift */,
				3462FA332973116900506956 /* HomePresenter.swift */,
				3462FA352973116900506956 /* HomeProtocols.swift */,
				3462FA342973116900506956 /* HomeLocalDataManager.swift */,
				3462FA382973116900506956 /* HomeRemoteDataManager.swift */,
				3462FA392973116900506956 /* HomeWireFrame.swift */,
			);
			path = HomeView;
			sourceTree = "<group>";
		};
		3493B3AB2975C79A00AD701A /* UIElementsExtensions */ = {
			isa = PBXGroup;
			children = (
				3493B3AC2975C7C800AD701A /* UITextFieldExtension.swift */,
			);
			path = UIElementsExtensions;
			sourceTree = "<group>";
		};
/* End PBXGroup section */

/* Begin PBXNativeTarget section */
		3462FA1B29730F6D00506956 /* Firebase_Brais */ = {
			isa = PBXNativeTarget;
			buildConfigurationList = 3462FA3029730F6F00506956 /* Build configuration list for PBXNativeTarget "Firebase_Brais" */;
			buildPhases = (
				3462FA1829730F6D00506956 /* Sources */,
				3462FA1929730F6D00506956 /* Frameworks */,
				3462FA1A29730F6D00506956 /* Resources */,
			);
			buildRules = (
			);
			dependencies = (
			);
			name = Firebase_Brais;
			packageProductDependencies = (
				3462FA4529731BDD00506956 /* FirebaseAnalytics */,
				3462FA4729731BDD00506956 /* FirebaseAnalyticsOnDeviceConversion */,
				3462FA4929731BDD00506956 /* FirebaseAnalyticsSwift */,
				3462FA4B29731BDD00506956 /* FirebaseAnalyticsWithoutAdIdSupport */,
				3462FA4D29731BDD00506956 /* FirebaseAppCheck */,
				3462FA4F29731BDE00506956 /* FirebaseAppDistribution-Beta */,
				3462FA5129731BDE00506956 /* FirebaseAuth */,
				3462FA5329731BDE00506956 /* FirebaseAuthCombine-Community */,
				3462FA5529731BDE00506956 /* FirebaseCrashlytics */,
				3462FA5729731BDE00506956 /* FirebaseDatabase */,
				3462FA5929731BDE00506956 /* FirebaseDatabaseSwift */,
				3462FA5B29731BDE00506956 /* FirebaseDynamicLinks */,
				3462FA5D29731BDE00506956 /* FirebaseFirestore */,
				3462FA5F29731BDE00506956 /* FirebaseFirestoreCombine-Community */,
				3462FA6129731BDE00506956 /* FirebaseFirestoreSwift */,
				3462FA6329731BDE00506956 /* FirebaseFunctions */,
				3462FA6529731BDE00506956 /* FirebaseFunctionsCombine-Community */,
				3462FA6729731BDE00506956 /* FirebaseInAppMessaging-Beta */,
				3462FA6929731BDE00506956 /* FirebaseInAppMessagingSwift-Beta */,
				3462FA6B29731BDF00506956 /* FirebaseInstallations */,
				3462FA6D29731BDF00506956 /* FirebaseMLModelDownloader */,
				3462FA6F29731BDF00506956 /* FirebaseMessaging */,
				3462FA7129731BDF00506956 /* FirebasePerformance */,
				3462FA7329731BDF00506956 /* FirebaseRemoteConfig */,
				3462FA7529731BDF00506956 /* FirebaseRemoteConfigSwift */,
				3462FA7729731BDF00506956 /* FirebaseStorage */,
				3462FA7929731BDF00506956 /* FirebaseStorageCombine-Community */,
			);
			productName = Firebase_Brais;
			productReference = 3462FA1C29730F6D00506956 /* Firebase_Brais.app */;
			productType = "com.apple.product-type.application";
		};
/* End PBXNativeTarget section */

/* Begin PBXProject section */
		3462FA1429730F6D00506956 /* Project object */ = {
			isa = PBXProject;
			attributes = {
				BuildIndependentTargetsInParallel = 1;
				LastSwiftUpdateCheck = 1410;
				LastUpgradeCheck = 1410;
				TargetAttributes = {
					3462FA1B29730F6D00506956 = {
						CreatedOnToolsVersion = 14.1;
					};
				};
			};
			buildConfigurationList = 3462FA1729730F6D00506956 /* Build configuration list for PBXProject "Firebase_Brais" */;
			compatibilityVersion = "Xcode 14.0";
			developmentRegion = en;
			hasScannedForEncodings = 0;
			knownRegions = (
				en,
				Base,
			);
			mainGroup = 3462FA1329730F6D00506956;
			packageReferences = (
				3462FA4429731BDD00506956 /* XCRemoteSwiftPackageReference "firebase-ios-sdk" */,
			);
			productRefGroup = 3462FA1D29730F6D00506956 /* Products */;
			projectDirPath = "";
			projectRoot = "";
			targets = (
				3462FA1B29730F6D00506956 /* Firebase_Brais */,
			);
		};
/* End PBXProject section */

/* Begin PBXResourcesBuildPhase section */
		3462FA1A29730F6D00506956 /* Resources */ = {
			isa = PBXResourcesBuildPhase;
			buildActionMask = 2147483647;
			files = (
				3462FA2C29730F6F00506956 /* LaunchScreen.storyboard in Resources */,
				3462FA2929730F6F00506956 /* Assets.xcassets in Resources */,
				3462FA4329731ACF00506956 /* GoogleService-Info.plist in Resources */,
			);
			runOnlyForDeploymentPostprocessing = 0;
		};
/* End PBXResourcesBuildPhase section */

/* Begin PBXSourcesBuildPhase section */
		3462FA1829730F6D00506956 /* Sources */ = {
			isa = PBXSourcesBuildPhase;
			buildActionMask = 2147483647;
			files = (
				3462FA2029730F6D00506956 /* AppDelegate.swift in Sources */,
				3462FA3B2973116900506956 /* HomeLocalDataManager.swift in Sources */,
				3462FA2229730F6D00506956 /* SceneDelegate.swift in Sources */,
				3462FA3C2973116900506956 /* HomeProtocols.swift in Sources */,
				3462FA3E2973116900506956 /* HomeView.swift in Sources */,
				3493B3AD2975C7C800AD701A /* UITextFieldExtension.swift in Sources */,
				3462FA3F2973116900506956 /* HomeRemoteDataManager.swift in Sources */,
				3462FA3A2973116900506956 /* HomePresenter.swift in Sources */,
				3462FA3D2973116900506956 /* HomeInteractor.swift in Sources */,
				3462FA402973116900506956 /* HomeWireFrame.swift in Sources */,
			);
			runOnlyForDeploymentPostprocessing = 0;
		};
/* End PBXSourcesBuildPhase section */

/* Begin PBXVariantGroup section */
		3462FA2A29730F6F00506956 /* LaunchScreen.storyboard */ = {
			isa = PBXVariantGroup;
			children = (
				3462FA2B29730F6F00506956 /* Base */,
			);
			name = LaunchScreen.storyboard;
			sourceTree = "<group>";
		};
/* End PBXVariantGroup section */

/* Begin XCBuildConfiguration section */
		3462FA2E29730F6F00506956 /* Debug */ = {
			isa = XCBuildConfiguration;
			buildSettings = {
				ALWAYS_SEARCH_USER_PATHS = NO;
				CLANG_ANALYZER_NONNULL = YES;
				CLANG_ANALYZER_NUMBER_OBJECT_CONVERSION = YES_AGGRESSIVE;
				CLANG_CXX_LANGUAGE_STANDARD = "gnu++20";
				CLANG_ENABLE_MODULES = YES;
				CLANG_ENABLE_OBJC_ARC = YES;
				CLANG_ENABLE_OBJC_WEAK = YES;
				CLANG_WARN_BLOCK_CAPTURE_AUTORELEASING = YES;
				CLANG_WARN_BOOL_CONVERSION = YES;
				CLANG_WARN_COMMA = YES;
				CLANG_WARN_CONSTANT_CONVERSION = YES;
				CLANG_WARN_DEPRECATED_OBJC_IMPLEMENTATIONS = YES;
				CLANG_WARN_DIRECT_OBJC_ISA_USAGE = YES_ERROR;
				CLANG_WARN_DOCUMENTATION_COMMENTS = YES;
				CLANG_WARN_EMPTY_BODY = YES;
				CLANG_WARN_ENUM_CONVERSION = YES;
				CLANG_WARN_INFINITE_RECURSION = YES;
				CLANG_WARN_INT_CONVERSION = YES;
				CLANG_WARN_NON_LITERAL_NULL_CONVERSION = YES;
				CLANG_WARN_OBJC_IMPLICIT_RETAIN_SELF = YES;
				CLANG_WARN_OBJC_LITERAL_CONVERSION = YES;
				CLANG_WARN_OBJC_ROOT_CLASS = YES_ERROR;
				CLANG_WARN_QUOTED_INCLUDE_IN_FRAMEWORK_HEADER = YES;
				CLANG_WARN_RANGE_LOOP_ANALYSIS = YES;
				CLANG_WARN_STRICT_PROTOTYPES = YES;
				CLANG_WARN_SUSPICIOUS_MOVE = YES;
				CLANG_WARN_UNGUARDED_AVAILABILITY = YES_AGGRESSIVE;
				CLANG_WARN_UNREACHABLE_CODE = YES;
				CLANG_WARN__DUPLICATE_METHOD_MATCH = YES;
				COPY_PHASE_STRIP = NO;
				DEBUG_INFORMATION_FORMAT = dwarf;
				ENABLE_STRICT_OBJC_MSGSEND = YES;
				ENABLE_TESTABILITY = YES;
				GCC_C_LANGUAGE_STANDARD = gnu11;
				GCC_DYNAMIC_NO_PIC = NO;
				GCC_NO_COMMON_BLOCKS = YES;
				GCC_OPTIMIZATION_LEVEL = 0;
				GCC_PREPROCESSOR_DEFINITIONS = (
					"DEBUG=1",
					"$(inherited)",
				);
				GCC_WARN_64_TO_32_BIT_CONVERSION = YES;
				GCC_WARN_ABOUT_RETURN_TYPE = YES_ERROR;
				GCC_WARN_UNDECLARED_SELECTOR = YES;
				GCC_WARN_UNINITIALIZED_AUTOS = YES_AGGRESSIVE;
				GCC_WARN_UNUSED_FUNCTION = YES;
				GCC_WARN_UNUSED_VARIABLE = YES;
				IPHONEOS_DEPLOYMENT_TARGET = 16.1;
				MTL_ENABLE_DEBUG_INFO = INCLUDE_SOURCE;
				MTL_FAST_MATH = YES;
				ONLY_ACTIVE_ARCH = YES;
				SDKROOT = iphoneos;
				SWIFT_ACTIVE_COMPILATION_CONDITIONS = DEBUG;
				SWIFT_OPTIMIZATION_LEVEL = "-Onone";
			};
			name = Debug;
		};
		3462FA2F29730F6F00506956 /* Release */ = {
			isa = XCBuildConfiguration;
			buildSettings = {
				ALWAYS_SEARCH_USER_PATHS = NO;
				CLANG_ANALYZER_NONNULL = YES;
				CLANG_ANALYZER_NUMBER_OBJECT_CONVERSION = YES_AGGRESSIVE;
				CLANG_CXX_LANGUAGE_STANDARD = "gnu++20";
				CLANG_ENABLE_MODULES = YES;
				CLANG_ENABLE_OBJC_ARC = YES;
				CLANG_ENABLE_OBJC_WEAK = YES;
				CLANG_WARN_BLOCK_CAPTURE_AUTORELEASING = YES;
				CLANG_WARN_BOOL_CONVERSION = YES;
				CLANG_WARN_COMMA = YES;
				CLANG_WARN_CONSTANT_CONVERSION = YES;
				CLANG_WARN_DEPRECATED_OBJC_IMPLEMENTATIONS = YES;
				CLANG_WARN_DIRECT_OBJC_ISA_USAGE = YES_ERROR;
				CLANG_WARN_DOCUMENTATION_COMMENTS = YES;
				CLANG_WARN_EMPTY_BODY = YES;
				CLANG_WARN_ENUM_CONVERSION = YES;
				CLANG_WARN_INFINITE_RECURSION = YES;
				CLANG_WARN_INT_CONVERSION = YES;
				CLANG_WARN_NON_LITERAL_NULL_CONVERSION = YES;
				CLANG_WARN_OBJC_IMPLICIT_RETAIN_SELF = YES;
				CLANG_WARN_OBJC_LITERAL_CONVERSION = YES;
				CLANG_WARN_OBJC_ROOT_CLASS = YES_ERROR;
				CLANG_WARN_QUOTED_INCLUDE_IN_FRAMEWORK_HEADER = YES;
				CLANG_WARN_RANGE_LOOP_ANALYSIS = YES;
				CLANG_WARN_STRICT_PROTOTYPES = YES;
				CLANG_WARN_SUSPICIOUS_MOVE = YES;
				CLANG_WARN_UNGUARDED_AVAILABILITY = YES_AGGRESSIVE;
				CLANG_WARN_UNREACHABLE_CODE = YES;
				CLANG_WARN__DUPLICATE_METHOD_MATCH = YES;
				COPY_PHASE_STRIP = NO;
				DEBUG_INFORMATION_FORMAT = "dwarf-with-dsym";
				ENABLE_NS_ASSERTIONS = NO;
				ENABLE_STRICT_OBJC_MSGSEND = YES;
				GCC_C_LANGUAGE_STANDARD = gnu11;
				GCC_NO_COMMON_BLOCKS = YES;
				GCC_WARN_64_TO_32_BIT_CONVERSION = YES;
				GCC_WARN_ABOUT_RETURN_TYPE = YES_ERROR;
				GCC_WARN_UNDECLARED_SELECTOR = YES;
				GCC_WARN_UNINITIALIZED_AUTOS = YES_AGGRESSIVE;
				GCC_WARN_UNUSED_FUNCTION = YES;
				GCC_WARN_UNUSED_VARIABLE = YES;
				IPHONEOS_DEPLOYMENT_TARGET = 16.1;
				MTL_ENABLE_DEBUG_INFO = NO;
				MTL_FAST_MATH = YES;
				SDKROOT = iphoneos;
				SWIFT_COMPILATION_MODE = wholemodule;
				SWIFT_OPTIMIZATION_LEVEL = "-O";
				VALIDATE_PRODUCT = YES;
			};
			name = Release;
		};
		3462FA3129730F6F00506956 /* Debug */ = {
			isa = XCBuildConfiguration;
			buildSettings = {
				ASSETCATALOG_COMPILER_APPICON_NAME = AppIcon;
				ASSETCATALOG_COMPILER_GLOBAL_ACCENT_COLOR_NAME = AccentColor;
				CODE_SIGN_STYLE = Automatic;
				CURRENT_PROJECT_VERSION = 1;
				GENERATE_INFOPLIST_FILE = YES;
				INFOPLIST_FILE = Firebase_Brais/Info.plist;
				INFOPLIST_KEY_CFBundleDisplayName = Firebase;
				INFOPLIST_KEY_UIApplicationSupportsIndirectInputEvents = YES;
				INFOPLIST_KEY_UILaunchStoryboardName = LaunchScreen;
				INFOPLIST_KEY_UISupportedInterfaceOrientations_iPad = "UIInterfaceOrientationPortrait UIInterfaceOrientationPortraitUpsideDown UIInterfaceOrientationLandscapeLeft UIInterfaceOrientationLandscapeRight";
				INFOPLIST_KEY_UISupportedInterfaceOrientations_iPhone = "UIInterfaceOrientationPortrait UIInterfaceOrientationLandscapeLeft UIInterfaceOrientationLandscapeRight";
				IPHONEOS_DEPLOYMENT_TARGET = 15.0;
				LD_RUNPATH_SEARCH_PATHS = (
					"$(inherited)",
					"@executable_path/Frameworks",
				);
				MARKETING_VERSION = 1.0;
				PRODUCT_BUNDLE_IDENTIFIER = "com.quarantasis.Firebase-Brais";
				PRODUCT_NAME = "$(TARGET_NAME)";
				SWIFT_EMIT_LOC_STRINGS = YES;
				SWIFT_VERSION = 5.0;
				TARGETED_DEVICE_FAMILY = "1,2";
			};
			name = Debug;
		};
		3462FA3229730F6F00506956 /* Release */ = {
			isa = XCBuildConfiguration;
			buildSettings = {
				ASSETCATALOG_COMPILER_APPICON_NAME = AppIcon;
				ASSETCATALOG_COMPILER_GLOBAL_ACCENT_COLOR_NAME = AccentColor;
				CODE_SIGN_STYLE = Automatic;
				CURRENT_PROJECT_VERSION = 1;
				GENERATE_INFOPLIST_FILE = YES;
				INFOPLIST_FILE = Firebase_Brais/Info.plist;
				INFOPLIST_KEY_CFBundleDisplayName = Firebase;
				INFOPLIST_KEY_UIApplicationSupportsIndirectInputEvents = YES;
				INFOPLIST_KEY_UILaunchStoryboardName = LaunchScreen;
				INFOPLIST_KEY_UISupportedInterfaceOrientations_iPad = "UIInterfaceOrientationPortrait UIInterfaceOrientationPortraitUpsideDown UIInterfaceOrientationLandscapeLeft UIInterfaceOrientationLandscapeRight";
				INFOPLIST_KEY_UISupportedInterfaceOrientations_iPhone = "UIInterfaceOrientationPortrait UIInterfaceOrientationLandscapeLeft UIInterfaceOrientationLandscapeRight";
				IPHONEOS_DEPLOYMENT_TARGET = 15.0;
				LD_RUNPATH_SEARCH_PATHS = (
					"$(inherited)",
					"@executable_path/Frameworks",
				);
				MARKETING_VERSION = 1.0;
				PRODUCT_BUNDLE_IDENTIFIER = "com.quarantasis.Firebase-Brais";
				PRODUCT_NAME = "$(TARGET_NAME)";
				SWIFT_EMIT_LOC_STRINGS = YES;
				SWIFT_VERSION = 5.0;
				TARGETED_DEVICE_FAMILY = "1,2";
			};
			name = Release;
		};
/* End XCBuildConfiguration section */

/* Begin XCConfigurationList section */
		3462FA1729730F6D00506956 /* Build configuration list for PBXProject "Firebase_Brais" */ = {
			isa = XCConfigurationList;
			buildConfigurations = (
				3462FA2E29730F6F00506956 /* Debug */,
				3462FA2F29730F6F00506956 /* Release */,
			);
			defaultConfigurationIsVisible = 0;
			defaultConfigurationName = Release;
		};
		3462FA3029730F6F00506956 /* Build configuration list for PBXNativeTarget "Firebase_Brais" */ = {
			isa = XCConfigurationList;
			buildConfigurations = (
				3462FA3129730F6F00506956 /* Debug */,
				3462FA3229730F6F00506956 /* Release */,
			);
			defaultConfigurationIsVisible = 0;
			defaultConfigurationName = Release;
		};
/* End XCConfigurationList section */

/* Begin XCRemoteSwiftPackageReference section */
		3462FA4429731BDD00506956 /* XCRemoteSwiftPackageReference "firebase-ios-sdk" */ = {
			isa = XCRemoteSwiftPackageReference;
			repositoryURL = "https://github.com/firebase/firebase-ios-sdk";
			requirement = {
				kind = upToNextMajorVersion;
				minimumVersion = 9.0.0;
			};
		};
/* End XCRemoteSwiftPackageReference section */

/* Begin XCSwiftPackageProductDependency section */
		3462FA4529731BDD00506956 /* FirebaseAnalytics */ = {
			isa = XCSwiftPackageProductDependency;
			package = 3462FA4429731BDD00506956 /* XCRemoteSwiftPackageReference "firebase-ios-sdk" */;
			productName = FirebaseAnalytics;
		};
		3462FA4729731BDD00506956 /* FirebaseAnalyticsOnDeviceConversion */ = {
			isa = XCSwiftPackageProductDependency;
			package = 3462FA4429731BDD00506956 /* XCRemoteSwiftPackageReference "firebase-ios-sdk" */;
			productName = FirebaseAnalyticsOnDeviceConversion;
		};
		3462FA4929731BDD00506956 /* FirebaseAnalyticsSwift */ = {
			isa = XCSwiftPackageProductDependency;
			package = 3462FA4429731BDD00506956 /* XCRemoteSwiftPackageReference "firebase-ios-sdk" */;
			productName = FirebaseAnalyticsSwift;
		};
		3462FA4B29731BDD00506956 /* FirebaseAnalyticsWithoutAdIdSupport */ = {
			isa = XCSwiftPackageProductDependency;
			package = 3462FA4429731BDD00506956 /* XCRemoteSwiftPackageReference "firebase-ios-sdk" */;
			productName = FirebaseAnalyticsWithoutAdIdSupport;
		};
		3462FA4D29731BDD00506956 /* FirebaseAppCheck */ = {
			isa = XCSwiftPackageProductDependency;
			package = 3462FA4429731BDD00506956 /* XCRemoteSwiftPackageReference "firebase-ios-sdk" */;
			productName = FirebaseAppCheck;
		};
		3462FA4F29731BDE00506956 /* FirebaseAppDistribution-Beta */ = {
			isa = XCSwiftPackageProductDependency;
			package = 3462FA4429731BDD00506956 /* XCRemoteSwiftPackageReference "firebase-ios-sdk" */;
			productName = "FirebaseAppDistribution-Beta";
		};
		3462FA5129731BDE00506956 /* FirebaseAuth */ = {
			isa = XCSwiftPackageProductDependency;
			package = 3462FA4429731BDD00506956 /* XCRemoteSwiftPackageReference "firebase-ios-sdk" */;
			productName = FirebaseAuth;
		};
		3462FA5329731BDE00506956 /* FirebaseAuthCombine-Community */ = {
			isa = XCSwiftPackageProductDependency;
			package = 3462FA4429731BDD00506956 /* XCRemoteSwiftPackageReference "firebase-ios-sdk" */;
			productName = "FirebaseAuthCombine-Community";
		};
		3462FA5529731BDE00506956 /* FirebaseCrashlytics */ = {
			isa = XCSwiftPackageProductDependency;
			package = 3462FA4429731BDD00506956 /* XCRemoteSwiftPackageReference "firebase-ios-sdk" */;
			productName = FirebaseCrashlytics;
		};
		3462FA5729731BDE00506956 /* FirebaseDatabase */ = {
			isa = XCSwiftPackageProductDependency;
			package = 3462FA4429731BDD00506956 /* XCRemoteSwiftPackageReference "firebase-ios-sdk" */;
			productName = FirebaseDatabase;
		};
		3462FA5929731BDE00506956 /* FirebaseDatabaseSwift */ = {
			isa = XCSwiftPackageProductDependency;
			package = 3462FA4429731BDD00506956 /* XCRemoteSwiftPackageReference "firebase-ios-sdk" */;
			productName = FirebaseDatabaseSwift;
		};
		3462FA5B29731BDE00506956 /* FirebaseDynamicLinks */ = {
			isa = XCSwiftPackageProductDependency;
			package = 3462FA4429731BDD00506956 /* XCRemoteSwiftPackageReference "firebase-ios-sdk" */;
			productName = FirebaseDynamicLinks;
		};
		3462FA5D29731BDE00506956 /* FirebaseFirestore */ = {
			isa = XCSwiftPackageProductDependency;
			package = 3462FA4429731BDD00506956 /* XCRemoteSwiftPackageReference "firebase-ios-sdk" */;
			productName = FirebaseFirestore;
		};
		3462FA5F29731BDE00506956 /* FirebaseFirestoreCombine-Community */ = {
			isa = XCSwiftPackageProductDependency;
			package = 3462FA4429731BDD00506956 /* XCRemoteSwiftPackageReference "firebase-ios-sdk" */;
			productName = "FirebaseFirestoreCombine-Community";
		};
		3462FA6129731BDE00506956 /* FirebaseFirestoreSwift */ = {
			isa = XCSwiftPackageProductDependency;
			package = 3462FA4429731BDD00506956 /* XCRemoteSwiftPackageReference "firebase-ios-sdk" */;
			productName = FirebaseFirestoreSwift;
		};
		3462FA6329731BDE00506956 /* FirebaseFunctions */ = {
			isa = XCSwiftPackageProductDependency;
			package = 3462FA4429731BDD00506956 /* XCRemoteSwiftPackageReference "firebase-ios-sdk" */;
			productName = FirebaseFunctions;
		};
		3462FA6529731BDE00506956 /* FirebaseFunctionsCombine-Community */ = {
			isa = XCSwiftPackageProductDependency;
			package = 3462FA4429731BDD00506956 /* XCRemoteSwiftPackageReference "firebase-ios-sdk" */;
			productName = "FirebaseFunctionsCombine-Community";
		};
		3462FA6729731BDE00506956 /* FirebaseInAppMessaging-Beta */ = {
			isa = XCSwiftPackageProductDependency;
			package = 3462FA4429731BDD00506956 /* XCRemoteSwiftPackageReference "firebase-ios-sdk" */;
			productName = "FirebaseInAppMessaging-Beta";
		};
		3462FA6929731BDE00506956 /* FirebaseInAppMessagingSwift-Beta */ = {
			isa = XCSwiftPackageProductDependency;
			package = 3462FA4429731BDD00506956 /* XCRemoteSwiftPackageReference "firebase-ios-sdk" */;
			productName = "FirebaseInAppMessagingSwift-Beta";
		};
		3462FA6B29731BDF00506956 /* FirebaseInstallations */ = {
			isa = XCSwiftPackageProductDependency;
			package = 3462FA4429731BDD00506956 /* XCRemoteSwiftPackageReference "firebase-ios-sdk" */;
			productName = FirebaseInstallations;
		};
		3462FA6D29731BDF00506956 /* FirebaseMLModelDownloader */ = {
			isa = XCSwiftPackageProductDependency;
			package = 3462FA4429731BDD00506956 /* XCRemoteSwiftPackageReference "firebase-ios-sdk" */;
			productName = FirebaseMLModelDownloader;
		};
		3462FA6F29731BDF00506956 /* FirebaseMessaging */ = {
			isa = XCSwiftPackageProductDependency;
			package = 3462FA4429731BDD00506956 /* XCRemoteSwiftPackageReference "firebase-ios-sdk" */;
			productName = FirebaseMessaging;
		};
		3462FA7129731BDF00506956 /* FirebasePerformance */ = {
			isa = XCSwiftPackageProductDependency;
			package = 3462FA4429731BDD00506956 /* XCRemoteSwiftPackageReference "firebase-ios-sdk" */;
			productName = FirebasePerformance;
		};
		3462FA7329731BDF00506956 /* FirebaseRemoteConfig */ = {
			isa = XCSwiftPackageProductDependency;
			package = 3462FA4429731BDD00506956 /* XCRemoteSwiftPackageReference "firebase-ios-sdk" */;
			productName = FirebaseRemoteConfig;
		};
		3462FA7529731BDF00506956 /* FirebaseRemoteConfigSwift */ = {
			isa = XCSwiftPackageProductDependency;
			package = 3462FA4429731BDD00506956 /* XCRemoteSwiftPackageReference "firebase-ios-sdk" */;
			productName = FirebaseRemoteConfigSwift;
		};
		3462FA7729731BDF00506956 /* FirebaseStorage */ = {
			isa = XCSwiftPackageProductDependency;
			package = 3462FA4429731BDD00506956 /* XCRemoteSwiftPackageReference "firebase-ios-sdk" */;
			productName = FirebaseStorage;
		};
		3462FA7929731BDF00506956 /* FirebaseStorageCombine-Community */ = {
			isa = XCSwiftPackageProductDependency;
			package = 3462FA4429731BDD00506956 /* XCRemoteSwiftPackageReference "firebase-ios-sdk" */;
			productName = "FirebaseStorageCombine-Community";
		};
/* End XCSwiftPackageProductDependency section */
	};
	rootObject = 3462FA1429730F6D00506956 /* Project object */;
}
